// !$*UTF8*$!
{
	archiveVersion = 1;
	classes = {
	};
	objectVersion = 46;
	objects = {

/* Begin PBXBuildFile section */
		F074686A176007F9004D6052 /* Asm65k.cpp in Sources */ = {isa = PBXBuildFile; fileRef = F0746861176007F9004D6052 /* Asm65k.cpp */; };
		F074686B176007F9004D6052 /* AsmA65k-Assembly.cpp in Sources */ = {isa = PBXBuildFile; fileRef = F0746863176007F9004D6052 /* AsmA65k-Assembly.cpp */; };
		F074686C176007F9004D6052 /* AsmA65k-Directives.cpp in Sources */ = {isa = PBXBuildFile; fileRef = F0746864176007F9004D6052 /* AsmA65k-Directives.cpp */; };
		F074686D176007F9004D6052 /* AsmA65k-Misc.cpp in Sources */ = {isa = PBXBuildFile; fileRef = F0746865176007F9004D6052 /* AsmA65k-Misc.cpp */; };
		F074686E176007F9004D6052 /* main.cpp in Sources */ = {isa = PBXBuildFile; fileRef = F0746866176007F9004D6052 /* main.cpp */; };
		F0AEEADF1765891B002DF23D /* asmA65k in CopyFiles */ = {isa = PBXBuildFile; fileRef = F0746854176007B1004D6052 /* asmA65k */; };
/* End PBXBuildFile section */

/* Begin PBXCopyFilesBuildPhase section */
		F0746852176007B1004D6052 /* CopyFiles */ = {
			isa = PBXCopyFilesBuildPhase;
			buildActionMask = 12;
			dstPath = "~/coding/unix/AsmA65k";
			dstSubfolderSpec = 0;
			files = (
				F0AEEADF1765891B002DF23D /* asmA65k in CopyFiles */,
			);
			runOnlyForDeploymentPostprocessing = 0;
		};
/* End PBXCopyFilesBuildPhase section */

/* Begin PBXFileReference section */
		F0553A5D17600BFA004A0855 /* test.s */ = {isa = PBXFileReference; lastKnownFileType = sourcecode.asm; path = test.s; sourceTree = "<group>"; };
		F0746854176007B1004D6052 /* asmA65k */ = {isa = PBXFileReference; explicitFileType = "compiled.mach-o.executable"; includeInIndex = 0; path = asmA65k; sourceTree = BUILT_PRODUCTS_DIR; };
		F0746861176007F9004D6052 /* Asm65k.cpp */ = {isa = PBXFileReference; fileEncoding = 4; lastKnownFileType = sourcecode.cpp.cpp; name = Asm65k.cpp; path = src/Asm65k.cpp; sourceTree = "<group>"; };
		F0746862176007F9004D6052 /* Asm65k.h */ = {isa = PBXFileReference; fileEncoding = 4; lastKnownFileType = sourcecode.c.h; name = Asm65k.h; path = src/Asm65k.h; sourceTree = "<group>"; };
		F0746863176007F9004D6052 /* AsmA65k-Assembly.cpp */ = {isa = PBXFileReference; fileEncoding = 4; lastKnownFileType = sourcecode.cpp.cpp; name = "AsmA65k-Assembly.cpp"; path = "src/AsmA65k-Assembly.cpp"; sourceTree = "<group>"; };
		F0746864176007F9004D6052 /* AsmA65k-Directives.cpp */ = {isa = PBXFileReference; fileEncoding = 4; lastKnownFileType = sourcecode.cpp.cpp; name = "AsmA65k-Directives.cpp"; path = "src/AsmA65k-Directives.cpp"; sourceTree = "<group>"; };
		F0746865176007F9004D6052 /* AsmA65k-Misc.cpp */ = {isa = PBXFileReference; fileEncoding = 4; lastKnownFileType = sourcecode.cpp.cpp; name = "AsmA65k-Misc.cpp"; path = "src/AsmA65k-Misc.cpp"; sourceTree = "<group>"; };
		F0746866176007F9004D6052 /* main.cpp */ = {isa = PBXFileReference; fileEncoding = 4; lastKnownFileType = sourcecode.cpp.cpp; name = main.cpp; path = src/main.cpp; sourceTree = "<group>"; };
		F0746867176007F9004D6052 /* Segment.h */ = {isa = PBXFileReference; fileEncoding = 4; lastKnownFileType = sourcecode.c.h; name = Segment.h; path = src/Segment.h; sourceTree = "<group>"; };
		F0746869176007F9004D6052 /* types.h */ = {isa = PBXFileReference; fileEncoding = 4; lastKnownFileType = sourcecode.c.h; name = types.h; path = src/types.h; sourceTree = "<group>"; };
		F098C058181C5E9400E9F9D4 /* test2.s */ = {isa = PBXFileReference; lastKnownFileType = sourcecode.asm; path = test2.s; sourceTree = "<group>"; };
		F0EF72F0178C54F7005DF3D4 /* TODO */ = {isa = PBXFileReference; lastKnownFileType = text; name = TODO; path = src/TODO; sourceTree = "<group>"; };
/* End PBXFileReference section */

/* Begin PBXFrameworksBuildPhase section */
		F0746851176007B1004D6052 /* Frameworks */ = {
			isa = PBXFrameworksBuildPhase;
			buildActionMask = 2147483647;
			files = (
			);
			runOnlyForDeploymentPostprocessing = 0;
		};
/* End PBXFrameworksBuildPhase section */

/* Begin PBXGroup section */
		F074684B176007B1004D6052 = {
			isa = PBXGroup;
			children = (
				F0746860176007C3004D6052 /* Sources */,
				F0746855176007B1004D6052 /* Products */,
			);
			sourceTree = "<group>";
		};
		F0746855176007B1004D6052 /* Products */ = {
			isa = PBXGroup;
			children = (
				F0746854176007B1004D6052 /* asmA65k */,
			);
			name = Products;
			sourceTree = "<group>";
		};
		F0746860176007C3004D6052 /* Sources */ = {
			isa = PBXGroup;
			children = (
				F0746861176007F9004D6052 /* Asm65k.cpp */,
				F0746862176007F9004D6052 /* Asm65k.h */,
				F0746863176007F9004D6052 /* AsmA65k-Assembly.cpp */,
				F0746864176007F9004D6052 /* AsmA65k-Directives.cpp */,
				F0746865176007F9004D6052 /* AsmA65k-Misc.cpp */,
				F0746866176007F9004D6052 /* main.cpp */,
				F0746867176007F9004D6052 /* Segment.h */,
				F0746869176007F9004D6052 /* types.h */,
				F0553A5D17600BFA004A0855 /* test.s */,
				F098C058181C5E9400E9F9D4 /* test2.s */,
				F0EF72F0178C54F7005DF3D4 /* TODO */,
			);
			name = Sources;
			sourceTree = "<group>";
		};
/* End PBXGroup section */

/* Begin PBXNativeTarget section */
		F0746853176007B1004D6052 /* asmA65k */ = {
			isa = PBXNativeTarget;
			buildConfigurationList = F074685D176007B1004D6052 /* Build configuration list for PBXNativeTarget "asmA65k" */;
			buildPhases = (
				F0746850176007B1004D6052 /* Sources */,
				F0746851176007B1004D6052 /* Frameworks */,
				F0746852176007B1004D6052 /* CopyFiles */,
			);
			buildRules = (
			);
			dependencies = (
			);
			name = asmA65k;
			productName = AsmA65k;
			productReference = F0746854176007B1004D6052 /* asmA65k */;
			productType = "com.apple.product-type.tool";
		};
/* End PBXNativeTarget section */

/* Begin PBXProject section */
		F074684C176007B1004D6052 /* Project object */ = {
			isa = PBXProject;
			attributes = {
				LastUpgradeCheck = 0500;
				ORGANIZATIONNAME = "Zoltán Majoros";
			};
			buildConfigurationList = F074684F176007B1004D6052 /* Build configuration list for PBXProject "AsmA65k" */;
			compatibilityVersion = "Xcode 3.2";
			developmentRegion = English;
			hasScannedForEncodings = 0;
			knownRegions = (
				en,
			);
			mainGroup = F074684B176007B1004D6052;
			productRefGroup = F0746855176007B1004D6052 /* Products */;
			projectDirPath = "";
			projectRoot = "";
			targets = (
				F0746853176007B1004D6052 /* asmA65k */,
			);
		};
/* End PBXProject section */

/* Begin PBXSourcesBuildPhase section */
		F0746850176007B1004D6052 /* Sources */ = {
			isa = PBXSourcesBuildPhase;
			buildActionMask = 2147483647;
			files = (
				F074686A176007F9004D6052 /* Asm65k.cpp in Sources */,
				F074686B176007F9004D6052 /* AsmA65k-Assembly.cpp in Sources */,
				F074686C176007F9004D6052 /* AsmA65k-Directives.cpp in Sources */,
				F074686D176007F9004D6052 /* AsmA65k-Misc.cpp in Sources */,
				F074686E176007F9004D6052 /* main.cpp in Sources */,
			);
			runOnlyForDeploymentPostprocessing = 0;
		};
/* End PBXSourcesBuildPhase section */

/* Begin XCBuildConfiguration section */
		F074685B176007B1004D6052 /* Debug */ = {
			isa = XCBuildConfiguration;
			buildSettings = {
				ALWAYS_SEARCH_USER_PATHS = NO;
				CLANG_CXX_LANGUAGE_STANDARD = "gnu++0x";
				CLANG_CXX_LIBRARY = "libc++";
				CLANG_WARN_CONSTANT_CONVERSION = YES;
				CLANG_WARN_EMPTY_BODY = YES;
				CLANG_WARN_ENUM_CONVERSION = YES;
				CLANG_WARN_INT_CONVERSION = YES;
				CLANG_WARN__DUPLICATE_METHOD_MATCH = YES;
				COPY_PHASE_STRIP = NO;
				GCC_C_LANGUAGE_STANDARD = gnu99;
				GCC_DYNAMIC_NO_PIC = NO;
				GCC_ENABLE_OBJC_EXCEPTIONS = YES;
				GCC_OPTIMIZATION_LEVEL = 0;
				GCC_PREPROCESSOR_DEFINITIONS = (
					"DEBUG=1",
					"$(inherited)",
				);
				GCC_SYMBOLS_PRIVATE_EXTERN = NO;
				GCC_WARN_64_TO_32_BIT_CONVERSION = YES;
				GCC_WARN_ABOUT_RETURN_TYPE = YES;
				GCC_WARN_UNINITIALIZED_AUTOS = YES;
				GCC_WARN_UNUSED_VARIABLE = YES;
				MACOSX_DEPLOYMENT_TARGET = 10.7;
				ONLY_ACTIVE_ARCH = YES;
				SDKROOT = macosx;
				VALID_ARCHS = "i386 x86_64";
			};
			name = Debug;
		};
		F074685C176007B1004D6052 /* Release */ = {
			isa = XCBuildConfiguration;
			buildSettings = {
				ALWAYS_SEARCH_USER_PATHS = NO;
				CLANG_CXX_LANGUAGE_STANDARD = "gnu++0x";
				CLANG_CXX_LIBRARY = "libc++";
				CLANG_WARN_CONSTANT_CONVERSION = YES;
				CLANG_WARN_EMPTY_BODY = YES;
				CLANG_WARN_ENUM_CONVERSION = YES;
				CLANG_WARN_INT_CONVERSION = YES;
				CLANG_WARN__DUPLICATE_METHOD_MATCH = YES;
				COPY_PHASE_STRIP = YES;
				DEBUG_INFORMATION_FORMAT = "dwarf-with-dsym";
				GCC_C_LANGUAGE_STANDARD = gnu99;
				GCC_ENABLE_OBJC_EXCEPTIONS = YES;
				GCC_WARN_64_TO_32_BIT_CONVERSION = YES;
				GCC_WARN_ABOUT_RETURN_TYPE = YES;
				GCC_WARN_UNINITIALIZED_AUTOS = YES;
				GCC_WARN_UNUSED_VARIABLE = YES;
				MACOSX_DEPLOYMENT_TARGET = 10.7;
				ONLY_ACTIVE_ARCH = YES;
				SDKROOT = macosx;
				VALID_ARCHS = "i386 x86_64";
			};
			name = Release;
		};
		F074685E176007B1004D6052 /* Debug */ = {
			isa = XCBuildConfiguration;
			buildSettings = {
				PRODUCT_NAME = "$(TARGET_NAME)";
			};
			name = Debug;
		};
		F074685F176007B1004D6052 /* Release */ = {
			isa = XCBuildConfiguration;
			buildSettings = {
				PRODUCT_NAME = "$(TARGET_NAME)";
			};
			name = Release;
		};
/* End XCBuildConfiguration section */

/* Begin XCConfigurationList section */
		F074684F176007B1004D6052 /* Build configuration list for PBXProject "AsmA65k" */ = {
			isa = XCConfigurationList;
			buildConfigurations = (
				F074685B176007B1004D6052 /* Debug */,
				F074685C176007B1004D6052 /* Release */,
			);
			defaultConfigurationIsVisible = 0;
			defaultConfigurationName = Release;
		};
		F074685D176007B1004D6052 /* Build configuration list for PBXNativeTarget "asmA65k" */ = {
			isa = XCConfigurationList;
			buildConfigurations = (
				F074685E176007B1004D6052 /* Debug */,
				F074685F176007B1004D6052 /* Release */,
			);
			defaultConfigurationIsVisible = 0;
			defaultConfigurationName = Release;
		};
/* End XCConfigurationList section */
	};
	rootObject = F074684C176007B1004D6052 /* Project object */;
}
